
Microsoft Visual Studio Solution File, Format Version 12.00
# Visual Studio Version 17
VisualStudioVersion = 17.14.37628.2 d17.14
MinimumVisualStudioVersion = 10.0.40219.1
Project("{FAE04EC0-301F-11D3-BF4B-00C04F79EFBC}") = "GitConsoleApp", "GitConsoleApp.csproj", "{16FC9353-11C5-437E-B927-3C0B89DC5680}"
EndProject
Global
	GlobalSection(SolutionConfigurationPlatforms) = preSolution
		Debug|Any CPU = Debug|Any CPU
		Release|Any CPU = Release|Any CPU
	EndGlobalSection
	GlobalSection(ProjectConfigurationPlatforms) = postSolution
		{16FC9353-11C5-437E-B927-3C0B89DC5680}.Debug|Any CPU.ActiveCfg = Debug|Any CPU
		{16FC9353-11C5-437E-B927-3C0B89DC5680}.Debug|Any CPU.Build.0 = Debug|Any CPU
		{16FC9353-11C5-437E-B927-3C0B89DC5680}.Release|Any CPU.ActiveCfg = Release|Any CPU
		{16FC9353-11C5-437E-B927-3C0B89DC5680}.Release|Any CPU.Build.0 = Release|Any CPU
	EndGlobalSection
	GlobalSection(SolutionProperties) = preSolution
		HideSolutionNode = FALSE
	EndGlobalSection
	GlobalSection(ExtensibilityGlobals) = postSolution
		SolutionGuid = {8FD86BAE-1E57-4D28-9348-0567C0EFD641}
	EndGlobalSection
EndGlobal
